
Microsoft Visual Studio Solution File, Format Version 12.00
Project("{FAE04EC0-301F-11D3-BF4B-00C04F79EFBC}") = "Calcul Hypotenuse", "Calcul Hypotenuse\Calcul Hypotenuse.csproj", "{D2BCC689-6F61-4387-8CBF-A110487EA4E7}"
EndProject
Project("{FAE04EC0-301F-11D3-BF4B-00C04F79EFBC}") = "Calcul Cote", "Calcul Cote\Calcul Cote.csproj", "{7C407930-8295-4986-BAC8-C9A47AF4061B}"
EndProject
Global
	GlobalSection(SolutionConfigurationPlatforms) = preSolution
		Debug|Any CPU = Debug|Any CPU
		Release|Any CPU = Release|Any CPU
		build|Any CPU = build|Any CPU
	EndGlobalSection
	GlobalSection(ProjectConfigurationPlatforms) = postSolution
		{D2BCC689-6F61-4387-8CBF-A110487EA4E7}.Debug|Any CPU.ActiveCfg = Debug|Any CPU
		{D2BCC689-6F61-4387-8CBF-A110487EA4E7}.Debug|Any CPU.Build.0 = Debug|Any CPU
		{D2BCC689-6F61-4387-8CBF-A110487EA4E7}.Release|Any CPU.ActiveCfg = Release|Any CPU
		{D2BCC689-6F61-4387-8CBF-A110487EA4E7}.Release|Any CPU.Build.0 = Release|Any CPU
		{D2BCC689-6F61-4387-8CBF-A110487EA4E7}.build|Any CPU.ActiveCfg = build|Any CPU
		{D2BCC689-6F61-4387-8CBF-A110487EA4E7}.build|Any CPU.Build.0 = build|Any CPU
		{D2BCC689-6F61-4387-8CBF-A110487EA4E7}.build|Any CPU.Deploy.0 = build|Any CPU
		{7C407930-8295-4986-BAC8-C9A47AF4061B}.Debug|Any CPU.ActiveCfg = Debug|Any CPU
		{7C407930-8295-4986-BAC8-C9A47AF4061B}.Debug|Any CPU.Build.0 = Debug|Any CPU
		{7C407930-8295-4986-BAC8-C9A47AF4061B}.Release|Any CPU.ActiveCfg = Release|Any CPU
		{7C407930-8295-4986-BAC8-C9A47AF4061B}.Release|Any CPU.Build.0 = Release|Any CPU
		{7C407930-8295-4986-BAC8-C9A47AF4061B}.build|Any CPU.ActiveCfg = build|Any CPU
		{7C407930-8295-4986-BAC8-C9A47AF4061B}.build|Any CPU.Build.0 = build|Any CPU
		{7C407930-8295-4986-BAC8-C9A47AF4061B}.build|Any CPU.Deploy.0 = build|Any CPU
	EndGlobalSection
EndGlobal
