
Microsoft Visual Studio Solution File, Format Version 12.00
Project("{FAE04EC0-301F-11D3-BF4B-00C04F79EFBC}") = "PythagoreCS WPF", "PythagoreCS WPF\PythagoreCS WPF.csproj", "{726D0298-3097-48BC-BCB6-4FBE3F429175}"
EndProject
Global
	GlobalSection(SolutionConfigurationPlatforms) = preSolution
		Debug|Any CPU = Debug|Any CPU
		Release|Any CPU = Release|Any CPU
	EndGlobalSection
	GlobalSection(ProjectConfigurationPlatforms) = postSolution
		{726D0298-3097-48BC-BCB6-4FBE3F429175}.Debug|Any CPU.ActiveCfg = Debug|Any CPU
		{726D0298-3097-48BC-BCB6-4FBE3F429175}.Debug|Any CPU.Build.0 = Debug|Any CPU
		{726D0298-3097-48BC-BCB6-4FBE3F429175}.Release|Any CPU.ActiveCfg = Release|Any CPU
		{726D0298-3097-48BC-BCB6-4FBE3F429175}.Release|Any CPU.Build.0 = Release|Any CPU
	EndGlobalSection
EndGlobal
